
Microsoft Visual Studio Solution File, Format Version 12.00
# Visual Studio Version 17
VisualStudioVersion = 17.13.35931.197 d17.13
MinimumVisualStudioVersion = 10.0.40219.1
Project("{FAE04EC0-301F-11D3-BF4B-00C04F79EFBC}") = "Multi-mode-calculator", "Multi-mode-calculator\Multi-mode-calculator.csproj", "{A4886A75-9A37-4971-B83E-53E4E46A3029}"
EndProject
Global
	GlobalSection(SolutionConfigurationPlatforms) = preSolution
		Debug|Any CPU = Debug|Any CPU
		Release|Any CPU = Release|Any CPU
	EndGlobalSection
	GlobalSection(ProjectConfigurationPlatforms) = postSolution
		{A4886A75-9A37-4971-B83E-53E4E46A3029}.Debug|Any CPU.ActiveCfg = Debug|Any CPU
		{A4886A75-9A37-4971-B83E-53E4E46A3029}.Debug|Any CPU.Build.0 = Debug|Any CPU
		{A4886A75-9A37-4971-B83E-53E4E46A3029}.Release|Any CPU.ActiveCfg = Release|Any CPU
		{A4886A75-9A37-4971-B83E-53E4E46A3029}.Release|Any CPU.Build.0 = Release|Any CPU
	EndGlobalSection
	GlobalSection(SolutionProperties) = preSolution
		HideSolutionNode = FALSE
	EndGlobalSection
	GlobalSection(ExtensibilityGlobals) = postSolution
		SolutionGuid = {7DDCCA48-B514-4262-89C2-E28844E9423F}
	EndGlobalSection
EndGlobal
